
Microsoft Visual Studio Solution File, Format Version 12.00
# Visual Studio Version 17
VisualStudioVersion = 17.2.32526.322
MinimumVisualStudioVersion = 10.0.40219.1
Project("{FAE04EC0-301F-11D3-BF4B-00C04F79EFBC}") = "BulkyBookWeb", "BulkyBookWeb\BulkyBookWeb.csproj", "{70191ED6-94BA-41B6-90FD-21D770C59E15}"
EndProject
Global
	GlobalSection(SolutionConfigurationPlatforms) = preSolution
		Debug|Any CPU = Debug|Any CPU
		Release|Any CPU = Release|Any CPU
	EndGlobalSection
	GlobalSection(ProjectConfigurationPlatforms) = postSolution
		{70191ED6-94BA-41B6-90FD-21D770C59E15}.Debug|Any CPU.ActiveCfg = Debug|Any CPU
		{70191ED6-94BA-41B6-90FD-21D770C59E15}.Debug|Any CPU.Build.0 = Debug|Any CPU
		{70191ED6-94BA-41B6-90FD-21D770C59E15}.Release|Any CPU.ActiveCfg = Release|Any CPU
		{70191ED6-94BA-41B6-90FD-21D770C59E15}.Release|Any CPU.Build.0 = Release|Any CPU
	EndGlobalSection
	GlobalSection(SolutionProperties) = preSolution
		HideSolutionNode = FALSE
	EndGlobalSection
	GlobalSection(ExtensibilityGlobals) = postSolution
		SolutionGuid = {F353A02D-A9EF-4199-A012-1D92EC0A8C41}
	EndGlobalSection
EndGlobal
